
Microsoft Visual Studio Solution File, Format Version 12.00
# Visual Studio Version 17
VisualStudioVersion = 17.9.34902.65
MinimumVisualStudioVersion = 10.0.40219.1
Project("{9A19103F-16F7-4668-BE54-9A1E7A4F7556}") = "BankPrikoloff", "BankPrikoloff\BankPrikoloff.csproj", "{81528A67-D500-4A76-B8EC-131AC984E566}"
EndProject
Project("{FAE04EC0-301F-11D3-BF4B-00C04F79EFBC}") = "DataAccess", "DataAccess\DataAccess.csproj", "{9ADA6DFA-72AA-4B10-9D67-C4E120E4C58C}"
EndProject
Project("{FAE04EC0-301F-11D3-BF4B-00C04F79EFBC}") = "Domain", "Domain\Domain.csproj", "{87CE7853-10E6-4D82-A5A8-D542668321FD}"
EndProject
Project("{FAE04EC0-301F-11D3-BF4B-00C04F79EFBC}") = "BusinessLogic", "BusinessLogic\BusinessLogic.csproj", "{3407CFDD-B545-4288-84DB-F1C58540A5AE}"
EndProject
Global
	GlobalSection(SolutionConfigurationPlatforms) = preSolution
		Debug|Any CPU = Debug|Any CPU
		Release|Any CPU = Release|Any CPU
	EndGlobalSection
	GlobalSection(ProjectConfigurationPlatforms) = postSolution
		{81528A67-D500-4A76-B8EC-131AC984E566}.Debug|Any CPU.ActiveCfg = Debug|Any CPU
		{81528A67-D500-4A76-B8EC-131AC984E566}.Debug|Any CPU.Build.0 = Debug|Any CPU
		{81528A67-D500-4A76-B8EC-131AC984E566}.Release|Any CPU.ActiveCfg = Release|Any CPU
		{81528A67-D500-4A76-B8EC-131AC984E566}.Release|Any CPU.Build.0 = Release|Any CPU
		{9ADA6DFA-72AA-4B10-9D67-C4E120E4C58C}.Debug|Any CPU.ActiveCfg = Debug|Any CPU
		{9ADA6DFA-72AA-4B10-9D67-C4E120E4C58C}.Debug|Any CPU.Build.0 = Debug|Any CPU
		{9ADA6DFA-72AA-4B10-9D67-C4E120E4C58C}.Release|Any CPU.ActiveCfg = Release|Any CPU
		{9ADA6DFA-72AA-4B10-9D67-C4E120E4C58C}.Release|Any CPU.Build.0 = Release|Any CPU
		{87CE7853-10E6-4D82-A5A8-D542668321FD}.Debug|Any CPU.ActiveCfg = Debug|Any CPU
		{87CE7853-10E6-4D82-A5A8-D542668321FD}.Debug|Any CPU.Build.0 = Debug|Any CPU
		{87CE7853-10E6-4D82-A5A8-D542668321FD}.Release|Any CPU.ActiveCfg = Release|Any CPU
		{87CE7853-10E6-4D82-A5A8-D542668321FD}.Release|Any CPU.Build.0 = Release|Any CPU
		{3407CFDD-B545-4288-84DB-F1C58540A5AE}.Debug|Any CPU.ActiveCfg = Debug|Any CPU
		{3407CFDD-B545-4288-84DB-F1C58540A5AE}.Debug|Any CPU.Build.0 = Debug|Any CPU
		{3407CFDD-B545-4288-84DB-F1C58540A5AE}.Release|Any CPU.ActiveCfg = Release|Any CPU
		{3407CFDD-B545-4288-84DB-F1C58540A5AE}.Release|Any CPU.Build.0 = Release|Any CPU
	EndGlobalSection
	GlobalSection(SolutionProperties) = preSolution
		HideSolutionNode = FALSE
	EndGlobalSection
	GlobalSection(ExtensibilityGlobals) = postSolution
		SolutionGuid = {EB6134B1-4AFE-4C5F-B73E-AB4792BE40F7}
	EndGlobalSection
EndGlobal
